
Microsoft Visual Studio Solution File, Format Version 12.00
# Visual Studio Version 17
VisualStudioVersion = 17.7.34202.233
MinimumVisualStudioVersion = 10.0.40219.1
Project("{FAE04EC0-301F-11D3-BF4B-00C04F79EFBC}") = "Delegate_Task2_24.10", "Delegate_Task2_24.10\Delegate_Task2_24.10.csproj", "{B5ED3D37-C143-41D2-9DAF-C0347BF0FF48}"
EndProject
Global
	GlobalSection(SolutionConfigurationPlatforms) = preSolution
		Debug|Any CPU = Debug|Any CPU
		Release|Any CPU = Release|Any CPU
	EndGlobalSection
	GlobalSection(ProjectConfigurationPlatforms) = postSolution
		{B5ED3D37-C143-41D2-9DAF-C0347BF0FF48}.Debug|Any CPU.ActiveCfg = Debug|Any CPU
		{B5ED3D37-C143-41D2-9DAF-C0347BF0FF48}.Debug|Any CPU.Build.0 = Debug|Any CPU
		{B5ED3D37-C143-41D2-9DAF-C0347BF0FF48}.Release|Any CPU.ActiveCfg = Release|Any CPU
		{B5ED3D37-C143-41D2-9DAF-C0347BF0FF48}.Release|Any CPU.Build.0 = Release|Any CPU
	EndGlobalSection
	GlobalSection(SolutionProperties) = preSolution
		HideSolutionNode = FALSE
	EndGlobalSection
	GlobalSection(ExtensibilityGlobals) = postSolution
		SolutionGuid = {447BB612-51C8-49DF-A788-4646E687494B}
	EndGlobalSection
EndGlobal
